[[package]]
name = "ag-ui-protocol"
version = "0.1.10"
description = ""
category = "main"
optional = false
python-versions = "<4.0,>=3.9"

[package.dependencies]
pydantic = ">=2.11.2,<3.0.0"

[[package]]
name = "annotated-types"
version = "0.7.0"
description = "Reusable constraint types to use with typing.Annotated"
category = "main"
optional = false
python-versions = ">=3.8"

[[package]]
name = "anyio"
version = "4.11.0"
description = "High-level concurrency and networking framework on top of asyncio or Trio"
category = "main"
optional = false
python-versions = ">=3.9"

[package.dependencies]
exceptiongroup = {version = ">=1.0.2", markers = "python_version < \"3.11\""}
idna = ">=2.8"
sniffio = ">=1.1"
typing_extensions = {version = ">=4.5", markers = "python_version < \"3.13\""}

[package.extras]
trio = ["trio (>=0.31.0)"]

[[package]]
name = "asgiref"
version = "3.10.0"
description = "ASGI specs, helper code, and adapters"
category = "main"
optional = false
python-versions = ">=3.9"

[package.dependencies]
typing_extensions = {version = ">=4", markers = "python_version < \"3.11\""}

[package.extras]
tests = ["pytest", "pytest-asyncio", "mypy (>=1.14.0)"]

[[package]]
name = "backoff"
version = "2.2.1"
description = "Function decoration for backoff and retry"
category = "main"
optional = false
python-versions = ">=3.7,<4.0"

[[package]]
name = "bcrypt"
version = "5.0.0"
description = "Modern password hashing for your software and your servers"
category = "main"
optional = false
python-versions = ">=3.8"

[package.extras]
tests = ["pytest (>=3.2.1,!=3.3.0)"]
typecheck = ["mypy"]

[[package]]
name = "black"
version = "23.12.1"
description = "The uncompromising code formatter."
category = "dev"
optional = false
python-versions = ">=3.8"

[package.dependencies]
click = ">=8.0.0"
mypy-extensions = ">=0.4.3"
packaging = ">=22.0"
pathspec = ">=0.9.0"
platformdirs = ">=2"
tomli = {version = ">=1.1.0", markers = "python_version < \"3.11\""}
typing-extensions = {version = ">=4.0.1", markers = "python_version < \"3.11\""}

[package.extras]
colorama = ["colorama (>=0.4.3)"]
d = ["aiohttp (>=3.7.4,!=3.9.0)", "aiohttp (>=3.7.4)"]
jupyter = ["ipython (>=7.8.0)", "tokenize-rt (>=3.2.0)"]
uvloop = ["uvloop (>=0.15.2)"]

[[package]]
name = "build"
version = "1.3.0"
description = "A simple, correct Python build frontend"
category = "main"
optional = false
python-versions = ">=3.9"

[package.dependencies]
colorama = {version = "*", markers = "os_name == \"nt\""}
importlib-metadata = {version = ">=4.6", markers = "python_full_version < \"3.10.2\""}
packaging = ">=19.1"
pyproject_hooks = "*"
tomli = {version = ">=1.1.0", markers = "python_version < \"3.11\""}

[package.extras]
uv = ["uv (>=0.1.18)"]
virtualenv = ["virtualenv (>=20.11)", "virtualenv (>=20.17)", "virtualenv (>=20.31)"]

[[package]]
name = "cachetools"
version = "6.2.1"
description = "Extensible memoizing collections and decorators"
category = "main"
optional = false
python-versions = ">=3.9"

[[package]]
name = "certifi"
version = "2025.10.5"
description = "Python package for providing Mozilla's CA Bundle."
category = "main"
optional = false
python-versions = ">=3.7"

[[package]]
name = "charset-normalizer"
version = "3.4.4"
description = "The Real First Universal Charset Detector. Open, modern and actively maintained alternative to Chardet."
category = "main"
optional = false
python-versions = ">=3.7"

[[package]]
name = "chroma-hnswlib"
version = "0.7.3"
description = "Chromas fork of hnswlib"
category = "main"
optional = false
python-versions = "*"

[package.dependencies]
numpy = "*"

[[package]]
name = "chromadb"
version = "0.4.24"
description = "Chroma."
category = "main"
optional = false
python-versions = ">=3.8"

[package.dependencies]
bcrypt = ">=4.0.1"
build = ">=1.0.3"
chroma-hnswlib = "0.7.3"
fastapi = ">=0.95.2"
grpcio = ">=1.58.0"
importlib-resources = "*"
kubernetes = ">=28.1.0"
mmh3 = ">=4.0.1"
numpy = ">=1.22.5"
onnxruntime = ">=1.14.1"
opentelemetry-api = ">=1.2.0"
opentelemetry-exporter-otlp-proto-grpc = ">=1.2.0"
opentelemetry-instrumentation-fastapi = ">=0.41b0"
opentelemetry-sdk = ">=1.2.0"
orjson = ">=3.9.12"
overrides = ">=7.3.1"
posthog = ">=2.4.0"
pulsar-client = ">=3.1.0"
pydantic = ">=1.9"
pypika = ">=0.48.9"
PyYAML = ">=6.0.0"
requests = ">=2.28"
tenacity = ">=8.2.3"
tokenizers = ">=0.13.2"
tqdm = ">=4.65.0"
typer = ">=0.9.0"
typing-extensions = ">=4.5.0"
uvicorn = {version = ">=0.18.3", extras = ["standard"]}

[[package]]
name = "click"
version = "8.3.0"
description = "Composable command line interface toolkit"
category = "main"
optional = false
python-versions = ">=3.10"

[package.dependencies]
colorama = {version = "*", markers = "platform_system == \"Windows\""}

[[package]]
name = "colorama"
version = "0.4.6"
description = "Cross-platform colored terminal text."
category = "main"
optional = false
python-versions = "!=3.0.*,!=3.1.*,!=3.2.*,!=3.3.*,!=3.4.*,!=3.5.*,!=3.6.*,>=2.7"

[[package]]
name = "coloredlogs"
version = "15.0.1"
description = "Colored terminal output for Python's logging module"
category = "main"
optional = false
python-versions = ">=2.7, !=3.0.*, !=3.1.*, !=3.2.*, !=3.3.*, !=3.4.*"

[package.dependencies]
humanfriendly = ">=9.1"

[package.extras]
cron = ["capturer (>=2.4)"]

[[package]]
name = "distro"
version = "1.9.0"
description = "Distro - an OS platform information API"
category = "main"
optional = false
python-versions = ">=3.6"

[[package]]
name = "durationpy"
version = "0.10"
description = "Module for converting between datetime.timedelta and Go's Duration strings."
category = "main"
optional = false
python-versions = "*"

[[package]]
name = "eval-type-backport"
version = "0.2.2"
description = "Like `typing._eval_type`, but lets older Python versions use newer typing features."
category = "main"
optional = false
python-versions = ">=3.8"

[package.extras]
tests = ["pytest"]

[[package]]
name = "exceptiongroup"
version = "1.3.0"
description = "Backport of PEP 654 (exception groups)"
category = "main"
optional = false
python-versions = ">=3.7"

[package.dependencies]
typing-extensions = {version = ">=4.6.0", markers = "python_version < \"3.13\""}

[package.extras]
test = ["pytest (>=6)"]

[[package]]
name = "fastapi"
version = "0.115.14"
description = "FastAPI framework, high performance, easy to learn, fast to code, ready for production"
category = "main"
optional = false
python-versions = ">=3.8"

[package.dependencies]
pydantic = ">=1.7.4,<1.8 || >1.8,<1.8.1 || >1.8.1,<2.0.0 || >2.0.0,<2.0.1 || >2.0.1,<2.1.0 || >2.1.0,<3.0.0"
starlette = ">=0.40.0,<0.47.0"
typing-extensions = ">=4.8.0"

[package.extras]
standard = ["fastapi-cli[standard] (>=0.0.5)", "httpx (>=0.23.0)", "jinja2 (>=3.1.5)", "python-multipart (>=0.0.18)", "email-validator (>=2.0.0)", "uvicorn[standard] (>=0.12.0)"]
all = ["fastapi-cli[standard] (>=0.0.5)", "httpx (>=0.23.0)", "jinja2 (>=3.1.5)", "python-multipart (>=0.0.18)", "itsdangerous (>=1.1.0)", "pyyaml (>=5.3.1)", "ujson (>=4.0.1,!=4.0.2,!=4.1.0,!=4.2.0,!=4.3.0,!=5.0.0,!=5.1.0)", "orjson (>=3.2.1)", "email-validator (>=2.0.0)", "uvicorn[standard] (>=0.12.0)", "pydantic-settings (>=2.0.0)", "pydantic-extra-types (>=2.0.0)"]

[[package]]
name = "filelock"
version = "3.20.0"
description = "A platform independent file lock."
category = "main"
optional = false
python-versions = ">=3.10"

[[package]]
name = "flake8"
version = "6.1.0"
description = "the modular source code checker: pep8 pyflakes and co"
category = "dev"
optional = false
python-versions = ">=3.8.1"

[package.dependencies]
mccabe = ">=0.7.0,<0.8.0"
pycodestyle = ">=2.11.0,<2.12.0"
pyflakes = ">=3.1.0,<3.2.0"

[[package]]
name = "flatbuffers"
version = "25.9.23"
description = "The FlatBuffers serialization format for Python"
category = "main"
optional = false
python-versions = "*"

[[package]]
name = "fsspec"
version = "2025.10.0"
description = "File-system specification"
category = "main"
optional = false
python-versions = ">=3.9"

[package.extras]
abfs = ["adlfs"]
adl = ["adlfs"]
arrow = ["pyarrow (>=1)"]
dask = ["dask", "distributed"]
dev = ["pre-commit", "ruff (>=0.5)"]
doc = ["numpydoc", "sphinx", "sphinx-design", "sphinx-rtd-theme", "yarl"]
dropbox = ["dropbox", "dropboxdrivefs", "requests"]
full = ["adlfs", "aiohttp (!=4.0.0a0,!=4.0.0a1)", "dask", "distributed", "dropbox", "dropboxdrivefs", "fusepy", "gcsfs", "libarchive-c", "ocifs", "panel", "paramiko", "pyarrow (>=1)", "pygit2", "requests", "s3fs", "smbprotocol", "tqdm"]
fuse = ["fusepy"]
gcs = ["gcsfs"]
git = ["pygit2"]
github = ["requests"]
gs = ["gcsfs"]
gui = ["panel"]
hdfs = ["pyarrow (>=1)"]
http = ["aiohttp (!=4.0.0a0,!=4.0.0a1)"]
libarchive = ["libarchive-c"]
oci = ["ocifs"]
s3 = ["s3fs"]
sftp = ["paramiko"]
smb = ["smbprotocol"]
ssh = ["paramiko"]
test = ["aiohttp (!=4.0.0a0,!=4.0.0a1)", "numpy", "pytest", "pytest-asyncio (!=0.22.0)", "pytest-benchmark", "pytest-cov", "pytest-mock", "pytest-recording", "pytest-rerunfailures", "requests"]
test-downstream = ["aiobotocore (>=2.5.4,<3.0.0)", "dask", "moto[server] (>4,<5)", "pytest-timeout", "xarray"]
test-full = ["adlfs", "aiohttp (!=4.0.0a0,!=4.0.0a1)", "cloudpickle", "dask", "distributed", "dropbox", "dropboxdrivefs", "fastparquet", "fusepy", "gcsfs", "jinja2", "kerchunk", "libarchive-c", "lz4", "notebook", "numpy", "ocifs", "pandas", "panel", "paramiko", "pyarrow", "pyarrow (>=1)", "pyftpdlib", "pygit2", "pytest", "pytest-asyncio (!=0.22.0)", "pytest-benchmark", "pytest-cov", "pytest-mock", "pytest-recording", "pytest-rerunfailures", "python-snappy", "requests", "smbprotocol", "tqdm", "urllib3", "zarr", "zstandard"]
tqdm = ["tqdm"]

[[package]]
name = "google-auth"
version = "2.43.0"
description = "Google Authentication Library"
category = "main"
optional = false
python-versions = ">=3.7"

[package.dependencies]
cachetools = ">=2.0.0,<7.0"
pyasn1-modules = ">=0.2.1"
rsa = ">=3.1.4,<5"

[package.extras]
aiohttp = ["aiohttp (>=3.6.2,<4.0.0)", "requests (>=2.20.0,<3.0.0)"]
enterprise-cert = ["cryptography", "pyopenssl"]
pyopenssl = ["pyopenssl (>=20.0.0)", "cryptography (>=38.0.3)", "cryptography (<39.0.0)"]
pyjwt = ["pyjwt (>=2.0)", "cryptography (>=38.0.3)", "cryptography (<39.0.0)"]
reauth = ["pyu2f (>=0.1.5)"]
requests = ["requests (>=2.20.0,<3.0.0)"]
testing = ["grpcio", "flask", "freezegun", "mock", "oauth2client", "pyjwt (>=2.0)", "cryptography (>=38.0.3)", "cryptography (<39.0.0)", "pytest", "pytest-cov", "pytest-localserver", "pyopenssl (>=20.0.0)", "cryptography (>=38.0.3)", "cryptography (<39.0.0)", "pyu2f (>=0.1.5)", "responses", "urllib3", "packaging", "aiohttp (>=3.6.2,<4.0.0)", "requests (>=2.20.0,<3.0.0)", "aioresponses", "pytest-asyncio", "pyopenssl (<24.3.0)", "aiohttp (<3.10.0)"]
urllib3 = ["urllib3", "packaging"]

[[package]]
name = "googleapis-common-protos"
version = "1.72.0"
description = "Common protobufs used in Google APIs"
category = "main"
optional = false
python-versions = ">=3.7"

[package.dependencies]
protobuf = ">=3.20.2,<4.21.1 || >4.21.1,<4.21.2 || >4.21.2,<4.21.3 || >4.21.3,<4.21.4 || >4.21.4,<4.21.5 || >4.21.5,<7.0.0"

[package.extras]
grpc = ["grpcio (>=1.44.0,<2.0.0)"]

[[package]]
name = "griffe"
version = "1.14.0"
description = "Signatures for entire Python programs. Extract the structure, the frame, the skeleton of your project, to generate API documentation or find breaking changes in your API."
category = "main"
optional = false
python-versions = ">=3.9"

[package.dependencies]
colorama = ">=0.4"

[[package]]
name = "grpcio"
version = "1.76.0"
description = "HTTP/2-based RPC framework"
category = "main"
optional = false
python-versions = ">=3.9"

[package.dependencies]
typing-extensions = ">=4.12,<5.0"

[package.extras]
protobuf = ["grpcio-tools (>=1.76.0)"]

[[package]]
name = "h11"
version = "0.16.0"
description = "A pure-Python, bring-your-own-I/O implementation of HTTP/1.1"
category = "main"
optional = false
python-versions = ">=3.8"

[[package]]
name = "hf-xet"
version = "1.2.0"
description = "Fast transfer of large files with the Hugging Face Hub."
category = "main"
optional = false
python-versions = ">=3.8"

[package.extras]
tests = ["pytest"]

[[package]]
name = "httpcore"
version = "1.0.9"
description = "A minimal low-level HTTP client."
category = "main"
optional = false
python-versions = ">=3.8"

[package.dependencies]
certifi = "*"
h11 = ">=0.16"

[package.extras]
asyncio = ["anyio (>=4.0,<5.0)"]
http2 = ["h2 (>=3,<5)"]
socks = ["socksio (>=1.0.0,<2.0.0)"]
trio = ["trio (>=0.22.0,<1.0)"]

[[package]]
name = "httptools"
version = "0.7.1"
description = "A collection of framework independent HTTP protocol utils."
category = "main"
optional = false
python-versions = ">=3.9"

[[package]]
name = "httpx"
version = "0.27.2"
description = "The next generation HTTP client."
category = "main"
optional = false
python-versions = ">=3.8"

[package.dependencies]
anyio = "*"
certifi = "*"
httpcore = ">=1.0.0,<2.0.0"
idna = "*"
sniffio = "*"

[package.extras]
brotli = ["brotli", "brotlicffi"]
cli = ["click (>=8.0.0,<9.0.0)", "pygments (>=2.0.0,<3.0.0)", "rich (>=10,<14)"]
http2 = ["h2 (>=3,<5)"]
socks = ["socksio (>=1.0.0,<2.0.0)"]
zstd = ["zstandard (>=0.18.0)"]

[[package]]
name = "huggingface-hub"
version = "1.1.2"
description = "Client library to download and publish models, datasets and other repos on the huggingface.co hub"
category = "main"
optional = false
python-versions = ">=3.9.0"

[package.dependencies]
filelock = "*"
fsspec = ">=2023.5.0"
hf-xet = {version = ">=1.2.0,<2.0.0", markers = "platform_machine == \"x86_64\" or platform_machine == \"amd64\" or platform_machine == \"AMD64\" or platform_machine == \"arm64\" or platform_machine == \"aarch64\""}
httpx = ">=0.23.0,<1"
packaging = ">=20.9"
pyyaml = ">=5.1"
shellingham = "*"
tqdm = ">=4.42.1"
typer-slim = "*"
typing-extensions = ">=3.7.4.3"

[package.extras]
oauth = ["authlib (>=1.3.2)", "fastapi", "httpx", "itsdangerous"]
torch = ["torch", "safetensors"]
fastai = ["toml", "fastai (>=2.4)", "fastcore (>=1.3.27)"]
hf-xet = ["hf-xet (>=1.1.3,<2.0.0)"]
mcp = ["mcp (>=1.8.0)"]
testing = ["authlib (>=1.3.2)", "fastapi", "httpx", "itsdangerous", "jedi", "jinja2", "pytest (>=8.4.2)", "pytest-cov", "pytest-env", "pytest-xdist", "pytest-vcr", "pytest-asyncio", "pytest-rerunfailures (<16.0)", "pytest-mock", "urllib3 (<2.0)", "soundfile", "pillow", "numpy", "fastapi"]
typing = ["typing-extensions (>=4.8.0)", "types-pyyaml", "types-simplejson", "types-toml", "types-tqdm", "types-urllib3"]
quality = ["ruff (>=0.9.0)", "mypy (==1.15.0)", "libcst (>=1.4.0)", "ty"]
all = ["authlib (>=1.3.2)", "fastapi", "httpx", "itsdangerous", "jedi", "jinja2", "pytest (>=8.4.2)", "pytest-cov", "pytest-env", "pytest-xdist", "pytest-vcr", "pytest-asyncio", "pytest-rerunfailures (<16.0)", "pytest-mock", "urllib3 (<2.0)", "soundfile", "pillow", "numpy", "fastapi", "ruff (>=0.9.0)", "mypy (==1.15.0)", "libcst (>=1.4.0)", "ty", "typing-extensions (>=4.8.0)", "types-pyyaml", "types-simplejson", "types-toml", "types-tqdm", "types-urllib3"]
dev = ["authlib (>=1.3.2)", "fastapi", "httpx", "itsdangerous", "jedi", "jinja2", "pytest (>=8.4.2)", "pytest-cov", "pytest-env", "pytest-xdist", "pytest-vcr", "pytest-asyncio", "pytest-rerunfailures (<16.0)", "pytest-mock", "urllib3 (<2.0)", "soundfile", "pillow", "numpy", "fastapi", "ruff (>=0.9.0)", "mypy (==1.15.0)", "libcst (>=1.4.0)", "ty", "typing-extensions (>=4.8.0)", "types-pyyaml", "types-simplejson", "types-toml", "types-tqdm", "types-urllib3"]

[[package]]
name = "humanfriendly"
version = "10.0"
description = "Human friendly output for text interfaces using Python"
category = "main"
optional = false
python-versions = ">=2.7, !=3.0.*, !=3.1.*, !=3.2.*, !=3.3.*, !=3.4.*"

[package.dependencies]
pyreadline3 = {version = "*", markers = "sys_platform == \"win32\" and python_version >= \"3.8\""}

[[package]]
name = "idna"
version = "3.11"
description = "Internationalized Domain Names in Applications (IDNA)"
category = "main"
optional = false
python-versions = ">=3.8"

[package.extras]
all = ["ruff (>=0.6.2)", "mypy (>=1.11.2)", "pytest (>=8.3.2)", "flake8 (>=7.1.1)"]

[[package]]
name = "importlib-metadata"
version = "8.7.0"
description = "Read metadata from Python packages"
category = "main"
optional = false
python-versions = ">=3.9"

[package.dependencies]
zipp = ">=3.20"

[package.extras]
test = ["pytest (>=6,<8.1.0 || >=8.2.0)", "importlib_resources (>=1.3)", "packaging", "pyfakefs", "flufl.flake8", "pytest-perf (>=0.9.2)", "jaraco.test (>=5.4)"]
doc = ["sphinx (>=3.5)", "jaraco.packaging (>=9.3)", "rst.linker (>=1.9)", "furo", "sphinx-lint", "jaraco.tidelift (>=1.4)"]
perf = ["ipython"]
check = ["pytest-checkdocs (>=2.4)", "pytest-ruff (>=0.2.1)"]
cover = ["pytest-cov"]
enabler = ["pytest-enabler (>=2.2)"]
type = ["pytest-mypy"]

[[package]]
name = "importlib-resources"
version = "6.5.2"
description = "Read resources from Python packages"
category = "main"
optional = false
python-versions = ">=3.9"

[package.extras]
test = ["pytest (>=6,<8.1.0 || >=8.2.0)", "zipp (>=3.17)", "jaraco.test (>=5.4)"]
doc = ["sphinx (>=3.5)", "jaraco.packaging (>=9.3)", "rst.linker (>=1.9)", "furo", "sphinx-lint", "jaraco.tidelift (>=1.4)"]
check = ["pytest-checkdocs (>=2.4)", "pytest-ruff (>=0.2.1)"]
cover = ["pytest-cov"]
enabler = ["pytest-enabler (>=2.2)"]
type = ["pytest-mypy"]

[[package]]
name = "iniconfig"
version = "2.3.0"
description = "brain-dead simple config-ini parsing"
category = "dev"
optional = false
python-versions = ">=3.10"

[[package]]
name = "isort"
version = "5.13.2"
description = "A Python utility / library to sort Python imports."
category = "dev"
optional = false
python-versions = ">=3.8.0"

[package.extras]
colors = ["colorama (>=0.4.6)"]

[[package]]
name = "jiter"
version = "0.11.1"
description = "Fast iterable JSON parser."
category = "main"
optional = false
python-versions = ">=3.9"

[[package]]
name = "kubernetes"
version = "34.1.0"
description = "Kubernetes python client"
category = "main"
optional = false
python-versions = ">=3.6"

[package.dependencies]
certifi = ">=14.05.14"
durationpy = ">=0.7"
google-auth = ">=1.0.1"
python-dateutil = ">=2.5.3"
pyyaml = ">=5.4.1"
requests = "*"
requests-oauthlib = "*"
six = ">=1.9.0"
urllib3 = ">=1.24.2,<2.4.0"
websocket-client = ">=0.32.0,<0.40.0 || >0.40.0,<0.41.0 || >=0.43.0"

[package.extras]
adal = ["adal (>=1.0.2)"]

[[package]]
name = "logfire"
version = "0.28.3"
description = "The best Python observability tool! 🪵🔥"
category = "main"
optional = false
python-versions = "*"

[package.dependencies]
opentelemetry-exporter-otlp-proto-http = ">=1.21.0"
opentelemetry-instrumentation = ">=0.41b0"
opentelemetry-sdk = ">=1.21.0"
protobuf = ">=4.23.4"
rich = ">=13.4.2"
tomli = {version = ">=2.0.1", markers = "python_version < \"3.11\""}
typing-extensions = ">=4.0.0"

[package.extras]
aiohttp = ["opentelemetry-instrumentation-aiohttp-client (>=0.42b0)"]
asyncpg = ["opentelemetry-instrumentation-asyncpg (>=0.42b0)"]
celery = ["opentelemetry-instrumentation-celery (>=0.42b0)"]
django = ["opentelemetry-instrumentation-django (>=0.42b0)"]
fastapi = ["opentelemetry-instrumentation-fastapi (>=0.42b0)"]
flask = ["opentelemetry-instrumentation-flask (>=0.42b0)"]
httpx = ["opentelemetry-instrumentation-httpx (>=0.42b0)"]
psycopg = ["opentelemetry-instrumentation-psycopg2 (>=0.42b0)", "packaging"]
psycopg2 = ["opentelemetry-instrumentation-psycopg2 (>=0.42b0)", "packaging"]
pymongo = ["opentelemetry-instrumentation-pymongo (>=0.42b0)"]
redis = ["opentelemetry-instrumentation-redis (>=0.42b0)"]
requests = ["opentelemetry-instrumentation-requests (>=0.42b0)"]
sqlalchemy = ["opentelemetry-instrumentation-sqlalchemy (>=0.42b0)"]
starlette = ["opentelemetry-instrumentation-starlette (>=0.42b0)"]
system-metrics = ["opentelemetry-instrumentation-system-metrics (>=0.42b0)"]

[[package]]
name = "logfire-api"
version = "4.14.2"
description = "Shim for the Logfire SDK which does nothing unless Logfire is installed"
category = "main"
optional = false
python-versions = ">=3.8"

[[package]]
name = "markdown-it-py"
version = "4.0.0"
description = "Python port of markdown-it. Markdown parsing, done right!"
category = "main"
optional = false
python-versions = ">=3.10"

[package.dependencies]
mdurl = ">=0.1,<1.0"

[package.extras]
benchmarking = ["psutil", "pytest", "pytest-benchmark"]
compare = ["commonmark (>=0.9,<1.0)", "markdown (>=3.4,<4.0)", "mistletoe (>=1.0,<2.0)", "mistune (>=3.0,<4.0)", "panflute (>=2.3,<3.0)", "markdown-it-pyrs"]
linkify = ["linkify-it-py (>=1,<3)"]
plugins = ["mdit-py-plugins (>=0.5.0)"]
profiling = ["gprof2dot"]
rtd = ["mdit-py-plugins (>=0.5.0)", "myst-parser", "pyyaml", "sphinx", "sphinx-copybutton", "sphinx-design", "sphinx-book-theme (>=1.0,<2.0)", "jupyter-sphinx", "ipykernel"]
testing = ["coverage", "pytest", "pytest-cov", "pytest-regressions", "requests"]

[[package]]
name = "mccabe"
version = "0.7.0"
description = "McCabe checker, plugin for flake8"
category = "dev"
optional = false
python-versions = ">=3.6"

[[package]]
name = "mdurl"
version = "0.1.2"
description = "Markdown URL utilities"
category = "main"
optional = false
python-versions = ">=3.7"

[[package]]
name = "mmh3"
version = "5.2.0"
description = "Python extension for MurmurHash (MurmurHash3), a set of fast and robust hash functions."
category = "main"
optional = false
python-versions = ">=3.9"

[package.extras]
test = ["pytest (==8.4.1)", "pytest-sugar (==1.0.0)"]
lint = ["black (==25.1.0)", "clang-format (==20.1.8)", "isort (==6.0.1)", "pylint (==3.3.7)"]
type = ["mypy (==1.17.0)"]
docs = ["myst-parser (==4.0.1)", "shibuya (==2025.7.24)", "sphinx (==8.2.3)", "sphinx-copybutton (==0.5.2)"]
benchmark = ["pymmh3 (==0.0.5)", "pyperf (==2.9.0)", "xxhash (==3.5.0)"]
plot = ["matplotlib (==3.10.3)", "pandas (==2.3.1)"]

[[package]]
name = "mpmath"
version = "1.3.0"
description = "Python library for arbitrary-precision floating-point arithmetic"
category = "main"
optional = false
python-versions = "*"

[package.extras]
develop = ["pytest (>=4.6)", "pycodestyle", "pytest-cov", "codecov", "wheel"]
docs = ["sphinx"]
gmpy = ["gmpy2 (>=2.1.0a4)"]
tests = ["pytest (>=4.6)"]

[[package]]
name = "mypy-extensions"
version = "1.1.0"
description = "Type system extensions for programs checked with the mypy type checker."
category = "dev"
optional = false
python-versions = ">=3.8"

[[package]]
name = "numpy"
version = "1.26.4"
description = "Fundamental package for array computing in Python"
category = "main"
optional = false
python-versions = ">=3.9"

[[package]]
name = "oauthlib"
version = "3.3.1"
description = "A generic, spec-compliant, thorough implementation of the OAuth request-signing logic"
category = "main"
optional = false
python-versions = ">=3.8"

[package.extras]
rsa = ["cryptography (>=3.0.0)"]
signedtoken = ["cryptography (>=3.0.0)", "pyjwt (>=2.0.0,<3)"]
signals = ["blinker (>=1.4.0)"]

[[package]]
name = "onnxruntime"
version = "1.23.2"
description = "ONNX Runtime is a runtime accelerator for Machine Learning models"
category = "main"
optional = false
python-versions = ">=3.10"

[package.dependencies]
coloredlogs = "*"
flatbuffers = "*"
numpy = ">=1.21.6"
packaging = "*"
protobuf = "*"
sympy = "*"

[[package]]
name = "openai"
version = "2.7.1"
description = "The official Python library for the openai API"
category = "main"
optional = false
python-versions = ">=3.8"

[package.dependencies]
anyio = ">=3.5.0,<5"
distro = ">=1.7.0,<2"
httpx = ">=0.23.0,<1"
jiter = ">=0.10.0,<1"
pydantic = ">=1.9.0,<3"
sniffio = "*"
tqdm = ">4"
typing-extensions = ">=4.11,<5"

[package.extras]
aiohttp = ["aiohttp", "httpx-aiohttp (>=0.1.9)"]
datalib = ["numpy (>=1)", "pandas-stubs (>=1.1.0.11)", "pandas (>=1.2.3)"]
realtime = ["websockets (>=13,<16)"]
voice-helpers = ["numpy (>=2.0.2)", "sounddevice (>=0.5.1)"]

[[package]]
name = "opentelemetry-api"
version = "1.38.0"
description = "OpenTelemetry Python API"
category = "main"
optional = false
python-versions = ">=3.9"

[package.dependencies]
importlib-metadata = ">=6.0,<8.8.0"
typing-extensions = ">=4.5.0"

[[package]]
name = "opentelemetry-exporter-otlp-proto-common"
version = "1.38.0"
description = "OpenTelemetry Protobuf encoding"
category = "main"
optional = false
python-versions = ">=3.9"

[package.dependencies]
opentelemetry-proto = "1.38.0"

[[package]]
name = "opentelemetry-exporter-otlp-proto-grpc"
version = "1.38.0"
description = "OpenTelemetry Collector Protobuf over gRPC Exporter"
category = "main"
optional = false
python-versions = ">=3.9"

[package.dependencies]
googleapis-common-protos = ">=1.57,<2.0"
grpcio = [
    {version = ">=1.63.2,<2.0.0", markers = "python_version < \"3.13\""},
    {version = ">=1.66.2,<2.0.0", markers = "python_version >= \"3.13\""},
]
opentelemetry-api = ">=1.15,<2.0"
opentelemetry-exporter-otlp-proto-common = "1.38.0"
opentelemetry-proto = "1.38.0"
opentelemetry-sdk = ">=1.38.0,<1.39.0"
typing-extensions = ">=4.6.0"

[[package]]
name = "opentelemetry-exporter-otlp-proto-http"
version = "1.38.0"
description = "OpenTelemetry Collector Protobuf over HTTP Exporter"
category = "main"
optional = false
python-versions = ">=3.9"

[package.dependencies]
googleapis-common-protos = ">=1.52,<2.0"
opentelemetry-api = ">=1.15,<2.0"
opentelemetry-exporter-otlp-proto-common = "1.38.0"
opentelemetry-proto = "1.38.0"
opentelemetry-sdk = ">=1.38.0,<1.39.0"
requests = ">=2.7,<3.0"
typing-extensions = ">=4.5.0"

[[package]]
name = "opentelemetry-instrumentation"
version = "0.59b0"
description = "Instrumentation Tools & Auto Instrumentation for OpenTelemetry Python"
category = "main"
optional = false
python-versions = ">=3.9"

[package.dependencies]
opentelemetry-api = ">=1.4,<2.0"
opentelemetry-semantic-conventions = "0.59b0"
packaging = ">=18.0"
wrapt = ">=1.0.0,<2.0.0"

[[package]]
name = "opentelemetry-instrumentation-asgi"
version = "0.59b0"
description = "ASGI instrumentation for OpenTelemetry"
category = "main"
optional = false
python-versions = ">=3.9"

[package.dependencies]
asgiref = ">=3.0,<4.0"
opentelemetry-api = ">=1.12,<2.0"
opentelemetry-instrumentation = "0.59b0"
opentelemetry-semantic-conventions = "0.59b0"
opentelemetry-util-http = "0.59b0"

[package.extras]
instruments = ["asgiref (>=3.0,<4.0)"]

[[package]]
name = "opentelemetry-instrumentation-fastapi"
version = "0.59b0"
description = "OpenTelemetry FastAPI Instrumentation"
category = "main"
optional = false
python-versions = ">=3.9"

[package.dependencies]
opentelemetry-api = ">=1.12,<2.0"
opentelemetry-instrumentation = "0.59b0"
opentelemetry-instrumentation-asgi = "0.59b0"
opentelemetry-semantic-conventions = "0.59b0"
opentelemetry-util-http = "0.59b0"

[package.extras]
instruments = ["fastapi (>=0.92,<1.0)"]

[[package]]
name = "opentelemetry-proto"
version = "1.38.0"
description = "OpenTelemetry Python Proto"
category = "main"
optional = false
python-versions = ">=3.9"

[package.dependencies]
protobuf = ">=5.0,<7.0"

[[package]]
name = "opentelemetry-sdk"
version = "1.38.0"
description = "OpenTelemetry Python SDK"
category = "main"
optional = false
python-versions = ">=3.9"

[package.dependencies]
opentelemetry-api = "1.38.0"
opentelemetry-semantic-conventions = "0.59b0"
typing-extensions = ">=4.5.0"

[[package]]
name = "opentelemetry-semantic-conventions"
version = "0.59b0"
description = "OpenTelemetry Semantic Conventions"
category = "main"
optional = false
python-versions = ">=3.9"

[package.dependencies]
opentelemetry-api = "1.38.0"
typing-extensions = ">=4.5.0"

[[package]]
name = "opentelemetry-util-http"
version = "0.59b0"
description = "Web util for OpenTelemetry"
category = "main"
optional = false
python-versions = ">=3.9"

[[package]]
name = "orjson"
version = "3.11.4"
description = "Fast, correct Python JSON library supporting dataclasses, datetimes, and numpy"
category = "main"
optional = false
python-versions = ">=3.9"

[[package]]
name = "overrides"
version = "7.7.0"
description = "A decorator to automatically detect mismatch when overriding a method."
category = "main"
optional = false
python-versions = ">=3.6"

[[package]]
name = "packaging"
version = "25.0"
description = "Core utilities for Python packages"
category = "main"
optional = false
python-versions = ">=3.8"

[[package]]
name = "pathspec"
version = "0.12.1"
description = "Utility library for gitignore style pattern matching of file paths."
category = "dev"
optional = false
python-versions = ">=3.8"

[[package]]
name = "platformdirs"
version = "4.5.0"
description = "A small Python package for determining appropriate platform-specific dirs, e.g. a `user data dir`."
category = "dev"
optional = false
python-versions = ">=3.10"

[package.extras]
docs = ["furo (>=2025.9.25)", "proselint (>=0.14)", "sphinx-autodoc-typehints (>=3.2)", "sphinx (>=8.2.3)"]
test = ["appdirs (==1.4.4)", "covdefaults (>=2.3)", "pytest-cov (>=7)", "pytest-mock (>=3.15.1)", "pytest (>=8.4.2)"]
type = ["mypy (>=1.18.2)"]

[[package]]
name = "pluggy"
version = "1.6.0"
description = "plugin and hook calling mechanisms for python"
category = "dev"
optional = false
python-versions = ">=3.9"

[package.extras]
dev = ["pre-commit", "tox"]
testing = ["pytest", "pytest-benchmark", "coverage"]

[[package]]
name = "posthog"
version = "6.9.1"
description = "Integrate PostHog into any python application."
category = "main"
optional = false
python-versions = ">=3.9"

[package.dependencies]
backoff = ">=1.10.0"
distro = ">=1.5.0"
python-dateutil = ">=2.2"
requests = ">=2.7,<3.0"
six = ">=1.5"
typing-extensions = ">=4.2.0"

[package.extras]
langchain = ["langchain (>=0.2.0)"]
dev = ["django-stubs", "lxml", "mypy", "mypy-baseline", "types-mock", "types-python-dateutil", "types-requests", "types-setuptools", "types-six", "pre-commit", "pydantic", "ruff", "setuptools", "packaging", "wheel", "twine", "tomli", "tomli-w"]
test = ["mock (>=2.0.0)", "freezegun (==1.5.1)", "coverage", "pytest", "pytest-timeout", "pytest-asyncio", "django", "openai", "anthropic", "langgraph (>=0.4.8)", "langchain-core (>=0.3.65)", "langchain-community (>=0.3.25)", "langchain-openai (>=0.3.22)", "langchain-anthropic (>=0.3.15)", "google-genai", "pydantic", "parameterized (>=0.8.1)"]

[[package]]
name = "protobuf"
version = "6.33.0"
description = ""
category = "main"
optional = false
python-versions = ">=3.9"

[[package]]
name = "pulsar-client"
version = "3.8.0"
description = "Apache Pulsar Python client library"
category = "main"
optional = false
python-versions = "*"

[package.dependencies]
certifi = "*"

[package.extras]
all = ["apache-bookkeeper-client (>=4.16.1)", "fastavro (>=1.9.2)", "grpcio (>=1.59.3)", "prometheus-client", "protobuf (>=3.6.1)", "ratelimit"]
avro = ["fastavro (>=1.9.2)"]
functions = ["apache-bookkeeper-client (>=4.16.1)", "grpcio (>=1.59.3)", "prometheus-client", "protobuf (>=3.6.1)", "ratelimit"]

[[package]]
name = "pyasn1"
version = "0.6.1"
description = "Pure-Python implementation of ASN.1 types and DER/BER/CER codecs (X.208)"
category = "main"
optional = false
python-versions = ">=3.8"

[[package]]
name = "pyasn1-modules"
version = "0.4.2"
description = "A collection of ASN.1-based protocols modules"
category = "main"
optional = false
python-versions = ">=3.8"

[package.dependencies]
pyasn1 = ">=0.6.1,<0.7.0"

[[package]]
name = "pycodestyle"
version = "2.11.1"
description = "Python style guide checker"
category = "dev"
optional = false
python-versions = ">=3.8"

[[package]]
name = "pydantic"
version = "2.12.4"
description = "Data validation using Python type hints"
category = "main"
optional = false
python-versions = ">=3.9"

[package.dependencies]
annotated-types = ">=0.6.0"
pydantic-core = "2.41.5"
typing-extensions = ">=4.14.1"
typing-inspection = ">=0.4.2"

[package.extras]
email = ["email-validator (>=2.0.0)"]
timezone = ["tzdata"]

[[package]]
name = "pydantic-ai-slim"
version = "0.7.2"
description = "Agent Framework / shim to use Pydantic with LLMs, slim package"
category = "main"
optional = false
python-versions = ">=3.9"

[package.dependencies]
ag-ui-protocol = {version = ">=0.1.8", optional = true, markers = "extra == \"ag-ui\""}
eval-type-backport = ">=0.2.0"
exceptiongroup = {version = "*", markers = "python_version < \"3.11\""}
griffe = ">=1.3.2"
httpx = ">=0.27"
openai = {version = ">=1.99.9", optional = true, markers = "extra == \"openai\""}
opentelemetry-api = ">=1.28.0"
pydantic = ">=2.10"
pydantic-graph = "0.7.2"
starlette = {version = ">=0.45.3", optional = true, markers = "extra == \"ag-ui\""}
typing-inspection = ">=0.4.0"

[package.extras]
a2a = ["fasta2a (>=0.4.1)"]
ag-ui = ["ag-ui-protocol (>=0.1.8)", "starlette (>=0.45.3)"]
anthropic = ["anthropic (>=0.61.0)"]
bedrock = ["boto3 (>=1.39.0)"]
cli = ["argcomplete (>=3.5.0)", "prompt-toolkit (>=3)", "rich (>=13)"]
cohere = ["cohere (>=5.16.0)"]
duckduckgo = ["ddgs (>=9.0.0)"]
evals = ["pydantic-evals (==0.7.2)"]
google = ["google-genai (>=1.28.0)"]
groq = ["groq (>=0.25.0)"]
huggingface = ["huggingface-hub[inference] (>=0.33.5)"]
logfire = ["logfire (>=3.14.1)"]
mcp = ["mcp (>=1.10.0)"]
mistral = ["mistralai (>=1.9.2)"]
openai = ["openai (>=1.99.9)"]
retries = ["tenacity (>=8.2.3)"]
tavily = ["tavily-python (>=0.5.0)"]
temporal = ["temporalio (>=1.15.0)"]
vertexai = ["google-auth (>=2.36.0)", "requests (>=2.32.2)"]

[[package]]
name = "pydantic-core"
version = "2.41.5"
description = "Core functionality for Pydantic validation and serialization"
category = "main"
optional = false
python-versions = ">=3.9"

[package.dependencies]
typing-extensions = ">=4.14.1"

[[package]]
name = "pydantic-graph"
version = "0.7.2"
description = "Graph and state machine library"
category = "main"
optional = false
python-versions = ">=3.9"

[package.dependencies]
httpx = ">=0.27"
logfire-api = ">=3.14.1"
pydantic = ">=2.10"
typing-inspection = ">=0.4.0"

[[package]]
name = "pyflakes"
version = "3.1.0"
description = "passive checker of Python programs"
category = "dev"
optional = false
python-versions = ">=3.8"

[[package]]
name = "pygments"
version = "2.19.2"
description = "Pygments is a syntax highlighting package written in Python."
category = "main"
optional = false
python-versions = ">=3.8"

[package.extras]
windows-terminal = ["colorama (>=0.4.6)"]

[[package]]
name = "pypika"
version = "0.48.9"
description = "A SQL query builder API for Python"
category = "main"
optional = false
python-versions = "*"

[[package]]
name = "pyproject-hooks"
version = "1.2.0"
description = "Wrappers to call pyproject.toml-based build backend hooks."
category = "main"
optional = false
python-versions = ">=3.7"

[[package]]
name = "pyreadline3"
version = "3.5.4"
description = "A python implementation of GNU readline."
category = "main"
optional = false
python-versions = ">=3.8"

[package.extras]
dev = ["build", "flake8", "mypy", "pytest", "twine"]

[[package]]
name = "pytest"
version = "7.4.4"
description = "pytest: simple powerful testing with Python"
category = "dev"
optional = false
python-versions = ">=3.7"

[package.dependencies]
colorama = {version = "*", markers = "sys_platform == \"win32\""}
exceptiongroup = {version = ">=1.0.0rc8", markers = "python_version < \"3.11\""}
iniconfig = "*"
packaging = "*"
pluggy = ">=0.12,<2.0"
tomli = {version = ">=1.0.0", markers = "python_version < \"3.11\""}

[package.extras]
testing = ["argcomplete", "attrs (>=19.2.0)", "hypothesis (>=3.56)", "mock", "nose", "pygments (>=2.7.2)", "requests", "setuptools", "xmlschema"]

[[package]]
name = "pytest-asyncio"
version = "0.21.2"
description = "Pytest support for asyncio"
category = "dev"
optional = false
python-versions = ">=3.7"

[package.dependencies]
pytest = ">=7.0.0"

[package.extras]
docs = ["sphinx (>=5.3)", "sphinx-rtd-theme (>=1.0)"]
testing = ["coverage (>=6.2)", "hypothesis (>=5.7.1)", "flaky (>=3.5.0)", "mypy (>=0.931)", "pytest-trio (>=0.7.0)"]

[[package]]
name = "python-dateutil"
version = "2.9.0.post0"
description = "Extensions to the standard Python datetime module"
category = "main"
optional = false
python-versions = "!=3.0.*,!=3.1.*,!=3.2.*,>=2.7"

[package.dependencies]
six = ">=1.5"

[[package]]
name = "python-dotenv"
version = "1.2.1"
description = "Read key-value pairs from a .env file and set them as environment variables"
category = "main"
optional = false
python-versions = ">=3.9"

[package.extras]
cli = ["click (>=5.0)"]

[[package]]
name = "pyyaml"
version = "6.0.3"
description = "YAML parser and emitter for Python"
category = "main"
optional = false
python-versions = ">=3.8"

[[package]]
name = "regex"
version = "2025.11.3"
description = "Alternative regular expression module, to replace re."
category = "main"
optional = false
python-versions = ">=3.9"

[[package]]
name = "requests"
version = "2.32.5"
description = "Python HTTP for Humans."
category = "main"
optional = false
python-versions = ">=3.9"

[package.dependencies]
certifi = ">=2017.4.17"
charset_normalizer = ">=2,<4"
idna = ">=2.5,<4"
urllib3 = ">=1.21.1,<3"

[package.extras]
socks = ["PySocks (>=1.5.6,!=1.5.7)"]
use-chardet-on-py3 = ["chardet (>=3.0.2,<6)"]

[[package]]
name = "requests-oauthlib"
version = "2.0.0"
description = "OAuthlib authentication support for Requests."
category = "main"
optional = false
python-versions = ">=3.4"

[package.dependencies]
oauthlib = ">=3.0.0"
requests = ">=2.0.0"

[package.extras]
rsa = ["oauthlib[signedtoken] (>=3.0.0)"]

[[package]]
name = "rich"
version = "14.2.0"
description = "Render rich text, tables, progress bars, syntax highlighting, markdown and more to the terminal"
category = "main"
optional = false
python-versions = ">=3.8.0"

[package.dependencies]
markdown-it-py = ">=2.2.0"
pygments = ">=2.13.0,<3.0.0"

[package.extras]
jupyter = ["ipywidgets (>=7.5.1,<9)"]

[[package]]
name = "rsa"
version = "4.9.1"
description = "Pure-Python RSA implementation"
category = "main"
optional = false
python-versions = "<4,>=3.6"

[package.dependencies]
pyasn1 = ">=0.1.3"

[[package]]
name = "shellingham"
version = "1.5.4"
description = "Tool to Detect Surrounding Shell"
category = "main"
optional = false
python-versions = ">=3.7"

[[package]]
name = "six"
version = "1.17.0"
description = "Python 2 and 3 compatibility utilities"
category = "main"
optional = false
python-versions = "!=3.0.*,!=3.1.*,!=3.2.*,>=2.7"

[[package]]
name = "sniffio"
version = "1.3.1"
description = "Sniff out which async library your code is running under"
category = "main"
optional = false
python-versions = ">=3.7"

[[package]]
name = "starlette"
version = "0.46.2"
description = "The little ASGI library that shines."
category = "main"
optional = false
python-versions = ">=3.9"

[package.dependencies]
anyio = ">=3.6.2,<5"

[package.extras]
full = ["httpx (>=0.27.0,<0.29.0)", "itsdangerous", "jinja2", "python-multipart (>=0.0.18)", "pyyaml"]

[[package]]
name = "sympy"
version = "1.14.0"
description = "Computer algebra system (CAS) in Python"
category = "main"
optional = false
python-versions = ">=3.9"

[package.dependencies]
mpmath = ">=1.1.0,<1.4"

[package.extras]
dev = ["pytest (>=7.1.0)", "hypothesis (>=6.70.0)"]

[[package]]
name = "tavily-python"
version = "0.3.9"
description = "Python wrapper for the Tavily API"
category = "main"
optional = false
python-versions = ">=3.6"

[package.dependencies]
httpx = "*"
requests = "*"
tiktoken = ">=0.5.1"

[[package]]
name = "tenacity"
version = "9.1.2"
description = "Retry code until it succeeds"
category = "main"
optional = false
python-versions = ">=3.9"

[package.extras]
doc = ["reno", "sphinx"]
test = ["pytest", "tornado (>=4.5)", "typeguard"]

[[package]]
name = "tiktoken"
version = "0.5.2"
description = "tiktoken is a fast BPE tokeniser for use with OpenAI's models"
category = "main"
optional = false
python-versions = ">=3.8"

[package.dependencies]
regex = ">=2022.1.18"
requests = ">=2.26.0"

[package.extras]
blobfile = ["blobfile (>=2)"]

[[package]]
name = "tokenizers"
version = "0.22.1"
description = ""
category = "main"
optional = false
python-versions = ">=3.9"

[package.dependencies]
huggingface-hub = ">=0.16.4,<2.0"

[package.extras]
testing = ["pytest", "pytest-asyncio", "requests", "numpy", "datasets", "black (==22.3)", "ruff"]
docs = ["sphinx", "sphinx-rtd-theme", "setuptools-rust"]
dev = ["tokenizers"]

[[package]]
name = "tomli"
version = "2.3.0"
description = "A lil' TOML parser"
category = "main"
optional = false
python-versions = ">=3.8"

[[package]]
name = "tqdm"
version = "4.67.1"
description = "Fast, Extensible Progress Meter"
category = "main"
optional = false
python-versions = ">=3.7"

[package.dependencies]
colorama = {version = "*", markers = "platform_system == \"Windows\""}

[package.extras]
dev = ["pytest (>=6)", "pytest-cov", "pytest-timeout", "pytest-asyncio (>=0.24)", "nbval"]
discord = ["requests"]
slack = ["slack-sdk"]
telegram = ["requests"]
notebook = ["ipywidgets (>=6)"]

[[package]]
name = "typer"
version = "0.20.0"
description = "Typer, build great CLIs. Easy to code. Based on Python type hints."
category = "main"
optional = false
python-versions = ">=3.8"

[package.dependencies]
click = ">=8.0.0"
rich = ">=10.11.0"
shellingham = ">=1.3.0"
typing-extensions = ">=3.7.4.3"

[[package]]
name = "typer-slim"
version = "0.20.0"
description = "Typer, build great CLIs. Easy to code. Based on Python type hints."
category = "main"
optional = false
python-versions = ">=3.8"

[package.dependencies]
click = ">=8.0.0"
typing-extensions = ">=3.7.4.3"

[package.extras]
standard = ["shellingham (>=1.3.0)", "rich (>=10.11.0)"]

[[package]]
name = "typing-extensions"
version = "4.15.0"
description = "Backported and Experimental Type Hints for Python 3.9+"
category = "main"
optional = false
python-versions = ">=3.9"

[[package]]
name = "typing-inspection"
version = "0.4.2"
description = "Runtime typing introspection tools"
category = "main"
optional = false
python-versions = ">=3.9"

[package.dependencies]
typing-extensions = ">=4.12.0"

[[package]]
name = "urllib3"
version = "2.3.0"
description = "HTTP library with thread-safe connection pooling, file post, and more."
category = "main"
optional = false
python-versions = ">=3.9"

[package.extras]
brotli = ["brotli (>=1.0.9)", "brotlicffi (>=0.8.0)"]
h2 = ["h2 (>=4,<5)"]
socks = ["pysocks (>=1.5.6,!=1.5.7,<2.0)"]
zstd = ["zstandard (>=0.18.0)"]

[[package]]
name = "uvicorn"
version = "0.30.6"
description = "The lightning-fast ASGI server."
category = "main"
optional = false
python-versions = ">=3.8"

[package.dependencies]
click = ">=7.0"
colorama = {version = ">=0.4", optional = true, markers = "sys_platform == \"win32\" and extra == \"standard\""}
h11 = ">=0.8"
httptools = {version = ">=0.5.0", optional = true, markers = "extra == \"standard\""}
python-dotenv = {version = ">=0.13", optional = true, markers = "extra == \"standard\""}
pyyaml = {version = ">=5.1", optional = true, markers = "extra == \"standard\""}
typing-extensions = {version = ">=4.0", markers = "python_version < \"3.11\""}
uvloop = {version = ">=0.14.0,<0.15.0 || >0.15.0,<0.15.1 || >0.15.1", optional = true, markers = "sys_platform != \"win32\" and sys_platform != \"cygwin\" and platform_python_implementation != \"PyPy\" and extra == \"standard\""}
watchfiles = {version = ">=0.13", optional = true, markers = "extra == \"standard\""}
websockets = {version = ">=10.4", optional = true, markers = "extra == \"standard\""}

[package.extras]
standard = ["colorama (>=0.4)", "httptools (>=0.5.0)", "python-dotenv (>=0.13)", "pyyaml (>=5.1)", "uvloop (>=0.14.0,!=0.15.0,!=0.15.1)", "watchfiles (>=0.13)", "websockets (>=10.4)"]

[[package]]
name = "uvloop"
version = "0.22.1"
description = "Fast implementation of asyncio event loop on top of libuv"
category = "main"
optional = false
python-versions = ">=3.8.1"

[package.extras]
test = ["aiohttp (>=3.10.5)", "flake8 (>=6.1,<7.0)", "psutil", "pycodestyle (>=2.11.0,<2.12.0)", "pyOpenSSL (>=25.3.0,<25.4.0)", "mypy (>=0.800)"]
dev = ["setuptools (>=60)", "Cython (>=3.0,<4.0)"]
docs = ["Sphinx (>=4.1.2,<4.2.0)", "sphinxcontrib-asyncio (>=0.3.0,<0.4.0)", "sphinx_rtd_theme (>=0.5.2,<0.6.0)"]

[[package]]
name = "watchfiles"
version = "1.1.1"
description = "Simple, modern and high performance file watching and code reload in python."
category = "main"
optional = false
python-versions = ">=3.9"

[package.dependencies]
anyio = ">=3.0.0"

[[package]]
name = "websocket-client"
version = "1.9.0"
description = "WebSocket client for Python with low level API options"
category = "main"
optional = false
python-versions = ">=3.9"

[package.extras]
test = ["pytest", "websockets"]
optional = ["python-socks", "wsaccel"]
docs = ["Sphinx (>=6.0)", "sphinx_rtd_theme (>=1.1.0)", "myst-parser (>=2.0.0)"]

[[package]]
name = "websockets"
version = "15.0.1"
description = "An implementation of the WebSocket Protocol (RFC 6455 & 7692)"
category = "main"
optional = false
python-versions = ">=3.9"

[[package]]
name = "wrapt"
version = "1.17.3"
description = "Module for decorators, wrappers and monkey patching."
category = "main"
optional = false
python-versions = ">=3.8"

[[package]]
name = "zipp"
version = "3.23.0"
description = "Backport of pathlib-compatible object wrapper for zip files"
category = "main"
optional = false
python-versions = ">=3.9"

[package.extras]
test = ["pytest (>=6,<8.1.0 || >=8.2.0)", "jaraco.itertools", "jaraco.functools", "more-itertools", "big-o", "pytest-ignore-flaky", "jaraco.test"]
doc = ["sphinx (>=3.5)", "jaraco.packaging (>=9.3)", "rst.linker (>=1.9)", "furo", "sphinx-lint", "jaraco.tidelift (>=1.4)"]
check = ["pytest-checkdocs (>=2.4)", "pytest-ruff (>=0.2.1)"]
cover = ["pytest-cov"]
enabler = ["pytest-enabler (>=2.2)"]
type = ["pytest-mypy"]

[metadata]
lock-version = "1.1"
python-versions = "^3.10"
content-hash = "2ddd5a1cebe065336053e74134165710ad27afc6cb225c8788cca3e5d17e1889"

[metadata.files]
ag-ui-protocol = []
annotated-types = []
anyio = []
asgiref = []
backoff = []
bcrypt = []
black = []
build = []
cachetools = []
certifi = []
charset-normalizer = []
chroma-hnswlib = []
chromadb = []
click = []
colorama = []
coloredlogs = []
distro = []
durationpy = []
eval-type-backport = []
exceptiongroup = []
fastapi = []
filelock = []
flake8 = []
flatbuffers = []
fsspec = []
google-auth = []
googleapis-common-protos = []
griffe = []
grpcio = []
h11 = []
hf-xet = []
httpcore = []
httptools = []
httpx = []
huggingface-hub = []
humanfriendly = []
idna = []
importlib-metadata = []
importlib-resources = []
iniconfig = []
isort = []
jiter = []
kubernetes = []
logfire = []
logfire-api = []
markdown-it-py = []
mccabe = []
mdurl = []
mmh3 = []
mpmath = []
mypy-extensions = []
numpy = []
oauthlib = []
onnxruntime = []
openai = []
opentelemetry-api = []
opentelemetry-exporter-otlp-proto-common = []
opentelemetry-exporter-otlp-proto-grpc = []
opentelemetry-exporter-otlp-proto-http = []
opentelemetry-instrumentation = []
opentelemetry-instrumentation-asgi = []
opentelemetry-instrumentation-fastapi = []
opentelemetry-proto = []
opentelemetry-sdk = []
opentelemetry-semantic-conventions = []
opentelemetry-util-http = []
orjson = []
overrides = []
packaging = []
pathspec = []
platformdirs = []
pluggy = []
posthog = []
protobuf = []
pulsar-client = []
pyasn1 = []
pyasn1-modules = []
pycodestyle = []
pydantic = []
pydantic-ai-slim = []
pydantic-core = []
pydantic-graph = []
pyflakes = []
pygments = []
pypika = []
pyproject-hooks = []
pyreadline3 = []
pytest = []
pytest-asyncio = []
python-dateutil = []
python-dotenv = []
pyyaml = []
regex = []
requests = []
requests-oauthlib = []
rich = []
rsa = []
shellingham = []
six = []
sniffio = []
starlette = []
sympy = []
tavily-python = []
tenacity = []
tiktoken = []
tokenizers = []
tomli = []
tqdm = []
typer = []
typer-slim = []
typing-extensions = []
typing-inspection = []
urllib3 = []
uvicorn = []
uvloop = []
watchfiles = []
websocket-client = []
websockets = []
wrapt = []
zipp = []
